Microsoft Visual Studio Solution File, Format Version 12.00
# Visual Studio 15
VisualStudioVersion = 15.0.26430.6
MinimumVisualStudioVersion = 15.0.26124.0
Project("{9A19103F-16F7-4668-BE54-9A1E7A4F7556}") = "Fibon.Api", "Fibon.Api\Fibon.Api.csproj", "{26370351-EFFC-4805-A0EA-B83007E41206}"
EndProject
Project("{9A19103F-16F7-4668-BE54-9A1E7A4F7556}") = "Fibon.Service", "Fibon.Service\Fibon.Service.csproj", "{9CC2A19C-3793-4079-8922-6A35AE64A471}"
EndProject
Project("{9A19103F-16F7-4668-BE54-9A1E7A4F7556}") = "Fibon.Messages", "Fibon.Messages\Fibon.Messages.csproj", "{ACFF2246-4C6A-4D39-9ADD-F60D07262455}"
EndProject
Project("{FAE04EC0-301F-11D3-BF4B-00C04F79EFBC}") = "Fibon.Tests", "Fibon.Tests\Fibon.Tests.csproj", "{F30477EA-DF5B-4F6A-9602-3EFF850594DD}"
EndProject
Global
	GlobalSection(SolutionConfigurationPlatforms) = preSolution
		Debug|Any CPU = Debug|Any CPU
		Debug|x64 = Debug|x64
		Debug|x86 = Debug|x86
		Release|Any CPU = Release|Any CPU
		Release|x64 = Release|x64
		Release|x86 = Release|x86
	EndGlobalSection
	GlobalSection(ProjectConfigurationPlatforms) = postSolution
		{26370351-EFFC-4805-A0EA-B83007E41206}.Debug|Any CPU.ActiveCfg = Debug|Any CPU
		{26370351-EFFC-4805-A0EA-B83007E41206}.Debug|Any CPU.Build.0 = Debug|Any CPU
		{26370351-EFFC-4805-A0EA-B83007E41206}.Debug|x64.ActiveCfg = Debug|Any CPU
		{26370351-EFFC-4805-A0EA-B83007E41206}.Debug|x64.Build.0 = Debug|Any CPU
		{26370351-EFFC-4805-A0EA-B83007E41206}.Debug|x86.ActiveCfg = Debug|Any CPU
		{26370351-EFFC-4805-A0EA-B83007E41206}.Debug|x86.Build.0 = Debug|Any CPU
		{26370351-EFFC-4805-A0EA-B83007E41206}.Release|Any CPU.ActiveCfg = Release|Any CPU
		{26370351-EFFC-4805-A0EA-B83007E41206}.Release|Any CPU.Build.0 = Release|Any CPU
		{26370351-EFFC-4805-A0EA-B83007E41206}.Release|x64.ActiveCfg = Release|Any CPU
		{26370351-EFFC-4805-A0EA-B83007E41206}.Release|x64.Build.0 = Release|Any CPU
		{26370351-EFFC-4805-A0EA-B83007E41206}.Release|x86.ActiveCfg = Release|Any CPU
		{26370351-EFFC-4805-A0EA-B83007E41206}.Release|x86.Build.0 = Release|Any CPU
		{9CC2A19C-3793-4079-8922-6A35AE64A471}.Debug|Any CPU.ActiveCfg = Debug|Any CPU
		{9CC2A19C-3793-4079-8922-6A35AE64A471}.Debug|Any CPU.Build.0 = Debug|Any CPU
		{9CC2A19C-3793-4079-8922-6A35AE64A471}.Debug|x64.ActiveCfg = Debug|Any CPU
		{9CC2A19C-3793-4079-8922-6A35AE64A471}.Debug|x64.Build.0 = Debug|Any CPU
		{9CC2A19C-3793-4079-8922-6A35AE64A471}.Debug|x86.ActiveCfg = Debug|Any CPU
		{9CC2A19C-3793-4079-8922-6A35AE64A471}.Debug|x86.Build.0 = Debug|Any CPU
		{9CC2A19C-3793-4079-8922-6A35AE64A471}.Release|Any CPU.ActiveCfg = Release|Any CPU
		{9CC2A19C-3793-4079-8922-6A35AE64A471}.Release|Any CPU.Build.0 = Release|Any CPU
		{9CC2A19C-3793-4079-8922-6A35AE64A471}.Release|x64.ActiveCfg = Release|Any CPU
		{9CC2A19C-3793-4079-8922-6A35AE64A471}.Release|x64.Build.0 = Release|Any CPU
		{9CC2A19C-3793-4079-8922-6A35AE64A471}.Release|x86.ActiveCfg = Release|Any CPU
		{9CC2A19C-3793-4079-8922-6A35AE64A471}.Release|x86.Build.0 = Release|Any CPU
		{ACFF2246-4C6A-4D39-9ADD-F60D07262455}.Debug|Any CPU.ActiveCfg = Debug|Any CPU
		{ACFF2246-4C6A-4D39-9ADD-F60D07262455}.Debug|Any CPU.Build.0 = Debug|Any CPU
		{ACFF2246-4C6A-4D39-9ADD-F60D07262455}.Debug|x64.ActiveCfg = Debug|Any CPU
		{ACFF2246-4C6A-4D39-9ADD-F60D07262455}.Debug|x64.Build.0 = Debug|Any CPU
		{ACFF2246-4C6A-4D39-9ADD-F60D07262455}.Debug|x86.ActiveCfg = Debug|Any CPU
		{ACFF2246-4C6A-4D39-9ADD-F60D07262455}.Debug|x86.Build.0 = Debug|Any CPU
		{ACFF2246-4C6A-4D39-9ADD-F60D07262455}.Release|Any CPU.ActiveCfg = Release|Any CPU
		{ACFF2246-4C6A-4D39-9ADD-F60D07262455}.Release|Any CPU.Build.0 = Release|Any CPU
		{ACFF2246-4C6A-4D39-9ADD-F60D07262455}.Release|x64.ActiveCfg = Release|Any CPU
		{ACFF2246-4C6A-4D39-9ADD-F60D07262455}.Release|x64.Build.0 = Release|Any CPU
		{ACFF2246-4C6A-4D39-9ADD-F60D07262455}.Release|x86.ActiveCfg = Release|Any CPU
		{ACFF2246-4C6A-4D39-9ADD-F60D07262455}.Release|x86.Build.0 = Release|Any CPU
		{F30477EA-DF5B-4F6A-9602-3EFF850594DD}.Debug|Any CPU.ActiveCfg = Debug|Any CPU
		{F30477EA-DF5B-4F6A-9602-3EFF850594DD}.Debug|Any CPU.Build.0 = Debug|Any CPU
		{F30477EA-DF5B-4F6A-9602-3EFF850594DD}.Debug|x64.ActiveCfg = Debug|Any CPU
		{F30477EA-DF5B-4F6A-9602-3EFF850594DD}.Debug|x64.Build.0 = Debug|Any CPU
		{F30477EA-DF5B-4F6A-9602-3EFF850594DD}.Debug|x86.ActiveCfg = Debug|Any CPU
		{F30477EA-DF5B-4F6A-9602-3EFF850594DD}.Debug|x86.Build.0 = Debug|Any CPU
		{F30477EA-DF5B-4F6A-9602-3EFF850594DD}.Release|Any CPU.ActiveCfg = Release|Any CPU
		{F30477EA-DF5B-4F6A-9602-3EFF850594DD}.Release|Any CPU.Build.0 = Release|Any CPU
		{F30477EA-DF5B-4F6A-9602-3EFF850594DD}.Release|x64.ActiveCfg = Release|Any CPU
		{F30477EA-DF5B-4F6A-9602-3EFF850594DD}.Release|x64.Build.0 = Release|Any CPU
		{F30477EA-DF5B-4F6A-9602-3EFF850594DD}.Release|x86.ActiveCfg = Release|Any CPU
		{F30477EA-DF5B-4F6A-9602-3EFF850594DD}.Release|x86.Build.0 = Release|Any CPU
	EndGlobalSection
	GlobalSection(SolutionProperties) = preSolution
		HideSolutionNode = FALSE
	EndGlobalSection
EndGlobal
